
Microsoft Visual Studio Solution File, Format Version 12.00
# Visual Studio Version 17
VisualStudioVersion = 17.4.33205.214
MinimumVisualStudioVersion = 10.0.40219.1
Project("{FAE04EC0-301F-11D3-BF4B-00C04F79EFBC}") = "selegate", "selegate\selegate.csproj", "{7440A11B-8568-48AC-8C8A-DB11409C4396}"
EndProject
Global
	GlobalSection(SolutionConfigurationPlatforms) = preSolution
		Debug|Any CPU = Debug|Any CPU
		Release|Any CPU = Release|Any CPU
	EndGlobalSection
	GlobalSection(ProjectConfigurationPlatforms) = postSolution
		{7440A11B-8568-48AC-8C8A-DB11409C4396}.Debug|Any CPU.ActiveCfg = Debug|Any CPU
		{7440A11B-8568-48AC-8C8A-DB11409C4396}.Debug|Any CPU.Build.0 = Debug|Any CPU
		{7440A11B-8568-48AC-8C8A-DB11409C4396}.Release|Any CPU.ActiveCfg = Release|Any CPU
		{7440A11B-8568-48AC-8C8A-DB11409C4396}.Release|Any CPU.Build.0 = Release|Any CPU
	EndGlobalSection
	GlobalSection(SolutionProperties) = preSolution
		HideSolutionNode = FALSE
	EndGlobalSection
	GlobalSection(ExtensibilityGlobals) = postSolution
		SolutionGuid = {EF152BFA-BD61-453B-961C-8BE0149BE1B3}
	EndGlobalSection
EndGlobal
