
Microsoft Visual Studio Solution File, Format Version 12.00
# Visual Studio Version 17
VisualStudioVersion = 17.4.33205.214
MinimumVisualStudioVersion = 10.0.40219.1
Project("{FAE04EC0-301F-11D3-BF4B-00C04F79EFBC}") = "apptinhtien", "apptinhtien\apptinhtien.csproj", "{9EE038E4-174E-4F0B-AA9C-7DF399EF959B}"
EndProject
Global
	GlobalSection(SolutionConfigurationPlatforms) = preSolution
		Debug|Any CPU = Debug|Any CPU
		Release|Any CPU = Release|Any CPU
	EndGlobalSection
	GlobalSection(ProjectConfigurationPlatforms) = postSolution
		{9EE038E4-174E-4F0B-AA9C-7DF399EF959B}.Debug|Any CPU.ActiveCfg = Debug|Any CPU
		{9EE038E4-174E-4F0B-AA9C-7DF399EF959B}.Debug|Any CPU.Build.0 = Debug|Any CPU
		{9EE038E4-174E-4F0B-AA9C-7DF399EF959B}.Release|Any CPU.ActiveCfg = Release|Any CPU
		{9EE038E4-174E-4F0B-AA9C-7DF399EF959B}.Release|Any CPU.Build.0 = Release|Any CPU
	EndGlobalSection
	GlobalSection(SolutionProperties) = preSolution
		HideSolutionNode = FALSE
	EndGlobalSection
	GlobalSection(ExtensibilityGlobals) = postSolution
		SolutionGuid = {733FB034-B284-4988-96FF-487055A9F581}
	EndGlobalSection
EndGlobal
