
Microsoft Visual Studio Solution File, Format Version 12.00
# Visual Studio Version 17
VisualStudioVersion = 17.4.33205.214
MinimumVisualStudioVersion = 10.0.40219.1
Project("{FAE04EC0-301F-11D3-BF4B-00C04F79EFBC}") = "app1", "app1\app1.csproj", "{4705AA01-28B3-45B2-9856-80D7CA3E1902}"
EndProject
Global
	GlobalSection(SolutionConfigurationPlatforms) = preSolution
		Debug|Any CPU = Debug|Any CPU
		Release|Any CPU = Release|Any CPU
	EndGlobalSection
	GlobalSection(ProjectConfigurationPlatforms) = postSolution
		{4705AA01-28B3-45B2-9856-80D7CA3E1902}.Debug|Any CPU.ActiveCfg = Debug|Any CPU
		{4705AA01-28B3-45B2-9856-80D7CA3E1902}.Debug|Any CPU.Build.0 = Debug|Any CPU
		{4705AA01-28B3-45B2-9856-80D7CA3E1902}.Release|Any CPU.ActiveCfg = Release|Any CPU
		{4705AA01-28B3-45B2-9856-80D7CA3E1902}.Release|Any CPU.Build.0 = Release|Any CPU
	EndGlobalSection
	GlobalSection(SolutionProperties) = preSolution
		HideSolutionNode = FALSE
	EndGlobalSection
	GlobalSection(ExtensibilityGlobals) = postSolution
		SolutionGuid = {E5BA160A-A897-4828-8439-E66BB15B7D26}
	EndGlobalSection
EndGlobal
