
Microsoft Visual Studio Solution File, Format Version 12.00
# Visual Studio Version 17
VisualStudioVersion = 17.4.33205.214
MinimumVisualStudioVersion = 10.0.40219.1
Project("{FAE04EC0-301F-11D3-BF4B-00C04F79EFBC}") = "maytinh", "maytinh\maytinh.csproj", "{76A70571-85D0-4B8B-B8E7-4CE7A74EBD08}"
EndProject
Global
	GlobalSection(SolutionConfigurationPlatforms) = preSolution
		Debug|Any CPU = Debug|Any CPU
		Release|Any CPU = Release|Any CPU
	EndGlobalSection
	GlobalSection(ProjectConfigurationPlatforms) = postSolution
		{76A70571-85D0-4B8B-B8E7-4CE7A74EBD08}.Debug|Any CPU.ActiveCfg = Debug|Any CPU
		{76A70571-85D0-4B8B-B8E7-4CE7A74EBD08}.Debug|Any CPU.Build.0 = Debug|Any CPU
		{76A70571-85D0-4B8B-B8E7-4CE7A74EBD08}.Release|Any CPU.ActiveCfg = Release|Any CPU
		{76A70571-85D0-4B8B-B8E7-4CE7A74EBD08}.Release|Any CPU.Build.0 = Release|Any CPU
	EndGlobalSection
	GlobalSection(SolutionProperties) = preSolution
		HideSolutionNode = FALSE
	EndGlobalSection
	GlobalSection(ExtensibilityGlobals) = postSolution
		SolutionGuid = {56C0A836-6764-4F37-98A0-BA218DFF57BC}
	EndGlobalSection
EndGlobal
