
Microsoft Visual Studio Solution File, Format Version 12.00
# Visual Studio Version 17
VisualStudioVersion = 17.4.33205.214
MinimumVisualStudioVersion = 10.0.40219.1
Project("{FAE04EC0-301F-11D3-BF4B-00C04F79EFBC}") = "coban", "coban\coban.csproj", "{CAC8827D-44B3-4700-BB47-9EE548B166A4}"
EndProject
Global
	GlobalSection(SolutionConfigurationPlatforms) = preSolution
		Debug|Any CPU = Debug|Any CPU
		Release|Any CPU = Release|Any CPU
	EndGlobalSection
	GlobalSection(ProjectConfigurationPlatforms) = postSolution
		{CAC8827D-44B3-4700-BB47-9EE548B166A4}.Debug|Any CPU.ActiveCfg = Debug|Any CPU
		{CAC8827D-44B3-4700-BB47-9EE548B166A4}.Debug|Any CPU.Build.0 = Debug|Any CPU
		{CAC8827D-44B3-4700-BB47-9EE548B166A4}.Release|Any CPU.ActiveCfg = Release|Any CPU
		{CAC8827D-44B3-4700-BB47-9EE548B166A4}.Release|Any CPU.Build.0 = Release|Any CPU
	EndGlobalSection
	GlobalSection(SolutionProperties) = preSolution
		HideSolutionNode = FALSE
	EndGlobalSection
	GlobalSection(ExtensibilityGlobals) = postSolution
		SolutionGuid = {2776E724-D281-4FE6-B701-CA348BF321FE}
	EndGlobalSection
EndGlobal
